
Microsoft Visual Studio Solution File, Format Version 12.00
# Visual Studio Version 17
VisualStudioVersion = 17.4.33213.308
MinimumVisualStudioVersion = 10.0.40219.1
Project("{FAE04EC0-301F-11D3-BF4B-00C04F79EFBC}") = "PR01", "PR01\PR01.csproj", "{C3FB12DC-5560-4DAE-92E6-B7626D2F9924}"
EndProject
Global
	GlobalSection(SolutionConfigurationPlatforms) = preSolution
		Debug|Any CPU = Debug|Any CPU
		Release|Any CPU = Release|Any CPU
	EndGlobalSection
	GlobalSection(ProjectConfigurationPlatforms) = postSolution
		{C3FB12DC-5560-4DAE-92E6-B7626D2F9924}.Debug|Any CPU.ActiveCfg = Debug|Any CPU
		{C3FB12DC-5560-4DAE-92E6-B7626D2F9924}.Debug|Any CPU.Build.0 = Debug|Any CPU
		{C3FB12DC-5560-4DAE-92E6-B7626D2F9924}.Release|Any CPU.ActiveCfg = Release|Any CPU
		{C3FB12DC-5560-4DAE-92E6-B7626D2F9924}.Release|Any CPU.Build.0 = Release|Any CPU
	EndGlobalSection
	GlobalSection(SolutionProperties) = preSolution
		HideSolutionNode = FALSE
	EndGlobalSection
	GlobalSection(ExtensibilityGlobals) = postSolution
		SolutionGuid = {A4016631-B46A-4038-B09F-0C46CF37A154}
	EndGlobalSection
EndGlobal
